
Microsoft Visual Studio Solution File, Format Version 12.00
# Visual Studio Version 16
VisualStudioVersion = 16.0.31729.503
MinimumVisualStudioVersion = 10.0.40219.1
Project("{FAE04EC0-301F-11D3-BF4B-00C04F79EFBC}") = "MCD_ModelModelLess", "MCD_ModelModelLess\MCD_ModelModelLess.csproj", "{CBC36597-C652-4A1A-A7EF-FD076E37615A}"
EndProject
Global
	GlobalSection(SolutionConfigurationPlatforms) = preSolution
		Debug|Any CPU = Debug|Any CPU
		Release|Any CPU = Release|Any CPU
	EndGlobalSection
	GlobalSection(ProjectConfigurationPlatforms) = postSolution
		{CBC36597-C652-4A1A-A7EF-FD076E37615A}.Debug|Any CPU.ActiveCfg = Debug|Any CPU
		{CBC36597-C652-4A1A-A7EF-FD076E37615A}.Debug|Any CPU.Build.0 = Debug|Any CPU
		{CBC36597-C652-4A1A-A7EF-FD076E37615A}.Release|Any CPU.ActiveCfg = Release|Any CPU
		{CBC36597-C652-4A1A-A7EF-FD076E37615A}.Release|Any CPU.Build.0 = Release|Any CPU
	EndGlobalSection
	GlobalSection(SolutionProperties) = preSolution
		HideSolutionNode = FALSE
	EndGlobalSection
	GlobalSection(ExtensibilityGlobals) = postSolution
		SolutionGuid = {4A0EFB53-5FD8-48E1-8FE2-7A9EF999BF65}
	EndGlobalSection
EndGlobal
